{
  "requires": true,
  "lockfileVersion": 1,
  "dependencies": {
    "crypto-js": {
      "version": "3.1.9-1",
      "resolved": "https://registry.npmjs.org/crypto-js/-/crypto-js-3.1.9-1.tgz",
      "integrity": "sha1-/aGedh/Ad+Af+/3G6f38WeiAbNg="
    },
    "dotenv": {
      "version": "6.1.0",
      "resolved": "https://registry.npmjs.org/dotenv/-/dotenv-6.1.0.tgz",
      "integrity": "sha512-/veDn2ztgRlB7gKmE3i9f6CmDIyXAy6d5nBq+whO9SLX+Zs1sXEgFLPi+aSuWqUuusMfbi84fT8j34fs1HaYUw=="
    },
    "react-s3": {
      "version": "1.3.1",
      "resolved": "https://registry.npmjs.org/react-s3/-/react-s3-1.3.1.tgz",
      "integrity": "sha512-4KiEXeWv4n1aGaMcsWShabPmHtSfV9GINAg4It/WfVvhUcsSn9jrmcBSjOqf+s4Y/2cMeCtW/TquF3bVCW4fLg==",
      "requires": {
        "crypto-js": "^3.1.9-1"
      }
    }
  }
}
